
Microsoft Visual Studio Solution File, Format Version 12.00
# Visual Studio 14
VisualStudioVersion = 14.0.25420.1
MinimumVisualStudioVersion = 10.0.40219.1
Project("{FAE04EC0-301F-11D3-BF4B-00C04F79EFBC}") = "ChartJsToPdf", "ChartJsToPdf\ChartJsToPdf.csproj", "{16388843-855A-41A4-9F2D-3236F768F0B0}"
EndProject
Project("{FAE04EC0-301F-11D3-BF4B-00C04F79EFBC}") = "RotativaService", "RotativaService\RotativaService.csproj", "{89B807EA-2AF8-49C4-958B-70CAD51D5496}"
EndProject
Project("{FAE04EC0-301F-11D3-BF4B-00C04F79EFBC}") = "Pechkin.Synchronized", "Pechkin.Synchronized\Pechkin.Synchronized.csproj", "{FFF81D90-55C5-4256-8D28-50CD0C42B2B8}"
EndProject
Global
	GlobalSection(SolutionConfigurationPlatforms) = preSolution
		Debug|Any CPU = Debug|Any CPU
		Release|Any CPU = Release|Any CPU
	EndGlobalSection
	GlobalSection(ProjectConfigurationPlatforms) = postSolution
		{16388843-855A-41A4-9F2D-3236F768F0B0}.Debug|Any CPU.ActiveCfg = Debug|Any CPU
		{16388843-855A-41A4-9F2D-3236F768F0B0}.Debug|Any CPU.Build.0 = Debug|Any CPU
		{16388843-855A-41A4-9F2D-3236F768F0B0}.Release|Any CPU.ActiveCfg = Release|Any CPU
		{16388843-855A-41A4-9F2D-3236F768F0B0}.Release|Any CPU.Build.0 = Release|Any CPU
		{89B807EA-2AF8-49C4-958B-70CAD51D5496}.Debug|Any CPU.ActiveCfg = Debug|Any CPU
		{89B807EA-2AF8-49C4-958B-70CAD51D5496}.Debug|Any CPU.Build.0 = Debug|Any CPU
		{89B807EA-2AF8-49C4-958B-70CAD51D5496}.Release|Any CPU.ActiveCfg = Release|Any CPU
		{89B807EA-2AF8-49C4-958B-70CAD51D5496}.Release|Any CPU.Build.0 = Release|Any CPU
		{FFF81D90-55C5-4256-8D28-50CD0C42B2B8}.Debug|Any CPU.ActiveCfg = Debug|Any CPU
		{FFF81D90-55C5-4256-8D28-50CD0C42B2B8}.Debug|Any CPU.Build.0 = Debug|Any CPU
		{FFF81D90-55C5-4256-8D28-50CD0C42B2B8}.Release|Any CPU.ActiveCfg = Release|Any CPU
		{FFF81D90-55C5-4256-8D28-50CD0C42B2B8}.Release|Any CPU.Build.0 = Release|Any CPU
	EndGlobalSection
	GlobalSection(SolutionProperties) = preSolution
		HideSolutionNode = FALSE
	EndGlobalSection
EndGlobal
